
Microsoft Visual Studio Solution File, Format Version 12.00
# Visual Studio Version 16
VisualStudioVersion = 16.0.32228.343
MinimumVisualStudioVersion = 10.0.40219.1
Project("{9A19103F-16F7-4668-BE54-9A1E7A4F7556}") = "ElearningSystem.BusinessLayer", "ElearningSystem.BusinessLayer\ElearningSystem.BusinessLayer.csproj", "{4B805142-F2FB-4C07-A32F-41F40065C003}"
EndProject
Project("{9A19103F-16F7-4668-BE54-9A1E7A4F7556}") = "ElearningSystem.DataLayer", "ElearningSystem.DataLayer\ElearningSystem.DataLayer.csproj", "{34A5CCF7-9A5D-4759-93C6-8372F4A4C231}"
EndProject
Project("{9A19103F-16F7-4668-BE54-9A1E7A4F7556}") = "ElearningSystem.Api", "ElearningSystem.Api\ElearningSystem.Api.csproj", "{55B815BC-CC52-4DCE-87D2-0FA2EAD08A47}"
EndProject
Project("{9A19103F-16F7-4668-BE54-9A1E7A4F7556}") = "ElearningSystem.Service", "ElearningSystem.Service\ElearningSystem.Service.csproj", "{CD5762A6-11CC-4D31-A0FE-9F83CDEB5826}"
EndProject
Global
	GlobalSection(SolutionConfigurationPlatforms) = preSolution
		Debug|Any CPU = Debug|Any CPU
		Release|Any CPU = Release|Any CPU
	EndGlobalSection
	GlobalSection(ProjectConfigurationPlatforms) = postSolution
		{4B805142-F2FB-4C07-A32F-41F40065C003}.Debug|Any CPU.ActiveCfg = Debug|Any CPU
		{4B805142-F2FB-4C07-A32F-41F40065C003}.Debug|Any CPU.Build.0 = Debug|Any CPU
		{4B805142-F2FB-4C07-A32F-41F40065C003}.Release|Any CPU.ActiveCfg = Release|Any CPU
		{4B805142-F2FB-4C07-A32F-41F40065C003}.Release|Any CPU.Build.0 = Release|Any CPU
		{34A5CCF7-9A5D-4759-93C6-8372F4A4C231}.Debug|Any CPU.ActiveCfg = Debug|Any CPU
		{34A5CCF7-9A5D-4759-93C6-8372F4A4C231}.Debug|Any CPU.Build.0 = Debug|Any CPU
		{34A5CCF7-9A5D-4759-93C6-8372F4A4C231}.Release|Any CPU.ActiveCfg = Release|Any CPU
		{34A5CCF7-9A5D-4759-93C6-8372F4A4C231}.Release|Any CPU.Build.0 = Release|Any CPU
		{55B815BC-CC52-4DCE-87D2-0FA2EAD08A47}.Debug|Any CPU.ActiveCfg = Debug|Any CPU
		{55B815BC-CC52-4DCE-87D2-0FA2EAD08A47}.Debug|Any CPU.Build.0 = Debug|Any CPU
		{55B815BC-CC52-4DCE-87D2-0FA2EAD08A47}.Release|Any CPU.ActiveCfg = Release|Any CPU
		{55B815BC-CC52-4DCE-87D2-0FA2EAD08A47}.Release|Any CPU.Build.0 = Release|Any CPU
		{CD5762A6-11CC-4D31-A0FE-9F83CDEB5826}.Debug|Any CPU.ActiveCfg = Debug|Any CPU
		{CD5762A6-11CC-4D31-A0FE-9F83CDEB5826}.Debug|Any CPU.Build.0 = Debug|Any CPU
		{CD5762A6-11CC-4D31-A0FE-9F83CDEB5826}.Release|Any CPU.ActiveCfg = Release|Any CPU
		{CD5762A6-11CC-4D31-A0FE-9F83CDEB5826}.Release|Any CPU.Build.0 = Release|Any CPU
	EndGlobalSection
	GlobalSection(SolutionProperties) = preSolution
		HideSolutionNode = FALSE
	EndGlobalSection
	GlobalSection(ExtensibilityGlobals) = postSolution
		SolutionGuid = {3FF95B90-977F-4FC5-A471-6ECDB0788ED9}
	EndGlobalSection
EndGlobal
